PODS:
  - Bindable (0.1.0)
  - Conduction (0.0.1):
    - Bindable

DEPENDENCIES:
  - Conduction (from `../`)

EXTERNAL SOURCES:
  Conduction:
    :path: ../

SPEC CHECKSUMS:
  Bindable: 3fefb5383703a2f1cc1c9f2559f47b434b28e654
  Conduction: c5ea9edbcf91d0597ad180bcd1816a00b0edf21e

PODFILE CHECKSUM: d7864d2f8051b452389ed700665a2efba628b566

COCOAPODS: 1.2.1
